
Microsoft Visual Studio Solution File, Format Version 12.00
# Visual Studio 15
VisualStudioVersion = 15.0.26403.7
MinimumVisualStudioVersion = 10.0.40219.1
Project("{9A19103F-16F7-4668-BE54-9A1E7A4F7556}") = "HtmlAgilityPack.CssSelector.Core", "HtmlAgilityPack.CssSelectors\HtmlAgilityPack.CssSelector.Core.csproj", "{68D3092D-3CF4-4315-A7F7-3CE1BB22CB26}"
EndProject
Project("{9A19103F-16F7-4668-BE54-9A1E7A4F7556}") = "HtmlAgilityPack.CssSelector.Core.UnitTests", "HtmlAgilityPack.CssSelectors.UnitTests\HtmlAgilityPack.CssSelector.Core.UnitTests.csproj", "{A31E8668-543D-475F-9222-322EF304ADBF}"
EndProject
Global
	GlobalSection(SolutionConfigurationPlatforms) = preSolution
		Debug|Any CPU = Debug|Any CPU
		Release|Any CPU = Release|Any CPU
	EndGlobalSection
	GlobalSection(ProjectConfigurationPlatforms) = postSolution
		{68D3092D-3CF4-4315-A7F7-3CE1BB22CB26}.Debug|Any CPU.ActiveCfg = Debug|Any CPU
		{68D3092D-3CF4-4315-A7F7-3CE1BB22CB26}.Debug|Any CPU.Build.0 = Debug|Any CPU
		{68D3092D-3CF4-4315-A7F7-3CE1BB22CB26}.Release|Any CPU.ActiveCfg = Release|Any CPU
		{68D3092D-3CF4-4315-A7F7-3CE1BB22CB26}.Release|Any CPU.Build.0 = Release|Any CPU
		{A31E8668-543D-475F-9222-322EF304ADBF}.Debug|Any CPU.ActiveCfg = Debug|Any CPU
		{A31E8668-543D-475F-9222-322EF304ADBF}.Debug|Any CPU.Build.0 = Debug|Any CPU
		{A31E8668-543D-475F-9222-322EF304ADBF}.Release|Any CPU.ActiveCfg = Release|Any CPU
		{A31E8668-543D-475F-9222-322EF304ADBF}.Release|Any CPU.Build.0 = Release|Any CPU
	EndGlobalSection
	GlobalSection(SolutionProperties) = preSolution
		HideSolutionNode = FALSE
	EndGlobalSection
	GlobalSection(ExtensibilityGlobals) = postSolution
		SolutionGuid = {7EA9A9DC-4BDC-483E-AB99-D053665E6E75}
	EndGlobalSection
EndGlobal
